
Microsoft Visual Studio Solution File, Format Version 12.00
# Visual Studio Version 16
VisualStudioVersion = 16.0.31624.102
MinimumVisualStudioVersion = 10.0.40219.1
Project("{FAE04EC0-301F-11D3-BF4B-00C04F79EFBC}") = "SalesWebMvc", "SalesWebMvc\SalesWebMvc.csproj", "{5DF7952C-D04F-4F4E-8DC4-07753A2EFC1E}"
EndProject
Global
	GlobalSection(SolutionConfigurationPlatforms) = preSolution
		Debug|Any CPU = Debug|Any CPU
		Release|Any CPU = Release|Any CPU
	EndGlobalSection
	GlobalSection(ProjectConfigurationPlatforms) = postSolution
		{5DF7952C-D04F-4F4E-8DC4-07753A2EFC1E}.Debug|Any CPU.ActiveCfg = Debug|Any CPU
		{5DF7952C-D04F-4F4E-8DC4-07753A2EFC1E}.Debug|Any CPU.Build.0 = Debug|Any CPU
		{5DF7952C-D04F-4F4E-8DC4-07753A2EFC1E}.Release|Any CPU.ActiveCfg = Release|Any CPU
		{5DF7952C-D04F-4F4E-8DC4-07753A2EFC1E}.Release|Any CPU.Build.0 = Release|Any CPU
	EndGlobalSection
	GlobalSection(SolutionProperties) = preSolution
		HideSolutionNode = FALSE
	EndGlobalSection
	GlobalSection(ExtensibilityGlobals) = postSolution
		SolutionGuid = {272AF53E-41DB-44E8-B349-F0074B31B184}
	EndGlobalSection
EndGlobal
